dependencies:
- name: services
  repository: file://charts/services
  version: 0.1.0
- name: keycloak
  repository: file://charts/keycloak
  version: 0.1.0
- name: gateway
  repository: file://charts/gateway
  version: 0.1.0
- name: web-frontend
  repository: file://charts/frontend
  version: 0.1.0
- name: kube-prometheus-stack
  repository: https://prometheus-community.github.io/helm-charts
  version: 83.2.0
digest: sha256:13223aaf7fc84b74cb345aa94ac82f307c92428def51a126b1796787581ab648
generated: "2026-04-19T20:46:22.5302434+07:00"
